
Microsoft Visual Studio Solution File, Format Version 12.00
# Visual Studio Version 16
VisualStudioVersion = 16.0.29806.167
MinimumVisualStudioVersion = 10.0.40219.1
Project("{9A19103F-16F7-4668-BE54-9A1E7A4F7556}") = "SetBackground", "src\SetBackground\SetBackground.csproj", "{58A30DA1-58EB-4426-A922-004F4D9FD8B7}"
EndProject
Project("{9A19103F-16F7-4668-BE54-9A1E7A4F7556}") = "CommandLine.Common", "src\CommandLine.Common\CommandLine.Common.csproj", "{E2C846A8-7AF3-4BEA-9A64-D59991D07078}"
EndProject
Global
	GlobalSection(SolutionConfigurationPlatforms) = preSolution
		Debug|Any CPU = Debug|Any CPU
		Release|Any CPU = Release|Any CPU
	EndGlobalSection
	GlobalSection(ProjectConfigurationPlatforms) = postSolution
		{58A30DA1-58EB-4426-A922-004F4D9FD8B7}.Debug|Any CPU.ActiveCfg = Debug|Any CPU
		{58A30DA1-58EB-4426-A922-004F4D9FD8B7}.Debug|Any CPU.Build.0 = Debug|Any CPU
		{58A30DA1-58EB-4426-A922-004F4D9FD8B7}.Release|Any CPU.ActiveCfg = Release|Any CPU
		{58A30DA1-58EB-4426-A922-004F4D9FD8B7}.Release|Any CPU.Build.0 = Release|Any CPU
		{E2C846A8-7AF3-4BEA-9A64-D59991D07078}.Debug|Any CPU.ActiveCfg = Debug|Any CPU
		{E2C846A8-7AF3-4BEA-9A64-D59991D07078}.Debug|Any CPU.Build.0 = Debug|Any CPU
		{E2C846A8-7AF3-4BEA-9A64-D59991D07078}.Release|Any CPU.ActiveCfg = Release|Any CPU
		{E2C846A8-7AF3-4BEA-9A64-D59991D07078}.Release|Any CPU.Build.0 = Release|Any CPU
	EndGlobalSection
	GlobalSection(SolutionProperties) = preSolution
		HideSolutionNode = FALSE
	EndGlobalSection
	GlobalSection(ExtensibilityGlobals) = postSolution
		SolutionGuid = {6EF16012-2285-40A4-8558-5268A066EC9E}
	EndGlobalSection
EndGlobal
